// !$*UTF8*$!
{
	archiveVersion = 1;
	classes = {
	};
	objectVersion = 77;
	objects = {

/* Begin PBXContainerItemProxy section */
		46418E4D2CCF573D00A7EE38 /* PBXContainerItemProxy */ = {
			isa = PBXContainerItemProxy;
			containerPortal = 46418E342CCF573800A7EE38 /* Project object */;
			proxyType = 1;
			remoteGlobalIDString = 46418E3B2CCF573900A7EE38;
			remoteInfo = HelloSwiftUiReal;
		};
		46418E572CCF573D00A7EE38 /* PBXContainerItemProxy */ = {
			isa = PBXContainerItemProxy;
			containerPortal = 46418E342CCF573800A7EE38 /* Project object */;
			proxyType = 1;
			remoteGlobalIDString = 46418E3B2CCF573900A7EE38;
			remoteInfo = HelloSwiftUiReal;
		};
/* End PBXContainerItemProxy section */

/* Begin PBXFileReference section */
		46418E3C2CCF573900A7EE38 /* HelloSwiftUiReal.app */ = {isa = PBXFileReference; explicitFileType = wrapper.application; includeInIndex = 0; path = HelloSwiftUiReal.app; sourceTree = BUILT_PRODUCTS_DIR; };
		46418E4C2CCF573D00A7EE38 /* HelloSwiftUiRealTests.xctest */ = {isa = PBXFileReference; explicitFileType = wrapper.cfbundle; includeInIndex = 0; path = HelloSwiftUiRealTests.xctest; sourceTree = BUILT_PRODUCTS_DIR; };
		46418E562CCF573D00A7EE38 /* HelloSwiftUiRealUITests.xctest */ = {isa = PBXFileReference; explicitFileType = wrapper.cfbundle; includeInIndex = 0; path = HelloSwiftUiRealUITests.xctest; sourceTree = BUILT_PRODUCTS_DIR; };
/* End PBXFileReference section */

/* Begin PBXFileSystemSynchronizedRootGroup section */
		46418E3E2CCF573900A7EE38 /* HelloSwiftUiReal */ = {
			isa = PBXFileSystemSynchronizedRootGroup;
			path = HelloSwiftUiReal;
			sourceTree = "<group>";
		};
		46418E4F2CCF573D00A7EE38 /* HelloSwiftUiRealTests */ = {
			isa = PBXFileSystemSynchronizedRootGroup;
			path = HelloSwiftUiRealTests;
			sourceTree = "<group>";
		};
		46418E592CCF573D00A7EE38 /* HelloSwiftUiRealUITests */ = {
			isa = PBXFileSystemSynchronizedRootGroup;
			path = HelloSwiftUiRealUITests;
			sourceTree = "<group>";
		};
/* End PBXFileSystemSynchronizedRootGroup section */

/* Begin PBXFrameworksBuildPhase section */
		46418E392CCF573900A7EE38 /* Frameworks */ = {
			isa = PBXFrameworksBuildPhase;
			buildActionMask = 2147483647;
			files = (
			);
			runOnlyForDeploymentPostprocessing = 0;
		};
		46418E492CCF573D00A7EE38 /* Frameworks */ = {
			isa = PBXFrameworksBuildPhase;
			buildActionMask = 2147483647;
			files = (
			);
			runOnlyForDeploymentPostprocessing = 0;
		};
		46418E532CCF573D00A7EE38 /* Frameworks */ = {
			isa = PBXFrameworksBuildPhase;
			buildActionMask = 2147483647;
			files = (
			);
			runOnlyForDeploymentPostprocessing = 0;
		};
/* End PBXFrameworksBuildPhase section */

/* Begin PBXGroup section */
		46418E332CCF573800A7EE38 = {
			isa = PBXGroup;
			children = (
				46418E3E2CCF573900A7EE38 /* HelloSwiftUiReal */,
				46418E4F2CCF573D00A7EE38 /* HelloSwiftUiRealTests */,
				46418E592CCF573D00A7EE38 /* HelloSwiftUiRealUITests */,
				46418E3D2CCF573900A7EE38 /* Products */,
			);
			sourceTree = "<group>";
		};
		46418E3D2CCF573900A7EE38 /* Products */ = {
			isa = PBXGroup;
			children = (
				46418E3C2CCF573900A7EE38 /* HelloSwiftUiReal.app */,
				46418E4C2CCF573D00A7EE38 /* HelloSwiftUiRealTests.xctest */,
				46418E562CCF573D00A7EE38 /* HelloSwiftUiRealUITests.xctest */,
			);
			name = Products;
			sourceTree = "<group>";
		};
/* End PBXGroup section */

/* Begin PBXNativeTarget section */
		46418E3B2CCF573900A7EE38 /* HelloSwiftUiReal */ = {
			isa = PBXNativeTarget;
			buildConfigurationList = 46418E602CCF573D00A7EE38 /* Build configuration list for PBXNativeTarget "HelloSwiftUiReal" */;
			buildPhases = (
				46418E382CCF573900A7EE38 /* Sources */,
				46418E392CCF573900A7EE38 /* Frameworks */,
				46418E3A2CCF573900A7EE38 /* Resources */,
			);
			buildRules = (
			);
			dependencies = (
			);
			fileSystemSynchronizedGroups = (
				46418E3E2CCF573900A7EE38 /* HelloSwiftUiReal */,
			);
			name = HelloSwiftUiReal;
			packageProductDependencies = (
			);
			productName = HelloSwiftUiReal;
			productReference = 46418E3C2CCF573900A7EE38 /* HelloSwiftUiReal.app */;
			productType = "com.apple.product-type.application";
		};
		46418E4B2CCF573D00A7EE38 /* HelloSwiftUiRealTests */ = {
			isa = PBXNativeTarget;
			buildConfigurationList = 46418E632CCF573D00A7EE38 /* Build configuration list for PBXNativeTarget "HelloSwiftUiRealTests" */;
			buildPhases = (
				46418E482CCF573D00A7EE38 /* Sources */,
				46418E492CCF573D00A7EE38 /* Frameworks */,
				46418E4A2CCF573D00A7EE38 /* Resources */,
			);
			buildRules = (
			);
			dependencies = (
				46418E4E2CCF573D00A7EE38 /* PBXTargetDependency */,
			);
			fileSystemSynchronizedGroups = (
				46418E4F2CCF573D00A7EE38 /* HelloSwiftUiRealTests */,
			);
			name = HelloSwiftUiRealTests;
			packageProductDependencies = (
			);
			productName = HelloSwiftUiRealTests;
			productReference = 46418E4C2CCF573D00A7EE38 /* HelloSwiftUiRealTests.xctest */;
			productType = "com.apple.product-type.bundle.unit-test";
		};
		46418E552CCF573D00A7EE38 /* HelloSwiftUiRealUITests */ = {
			isa = PBXNativeTarget;
			buildConfigurationList = 46418E662CCF573D00A7EE38 /* Build configuration list for PBXNativeTarget "HelloSwiftUiRealUITests" */;
			buildPhases = (
				46418E522CCF573D00A7EE38 /* Sources */,
				46418E532CCF573D00A7EE38 /* Frameworks */,
				46418E542CCF573D00A7EE38 /* Resources */,
			);
			buildRules = (
			);
			dependencies = (
				46418E582CCF573D00A7EE38 /* PBXTargetDependency */,
			);
			fileSystemSynchronizedGroups = (
				46418E592CCF573D00A7EE38 /* HelloSwiftUiRealUITests */,
			);
			name = HelloSwiftUiRealUITests;
			packageProductDependencies = (
			);
			productName = HelloSwiftUiRealUITests;
			productReference = 46418E562CCF573D00A7EE38 /* HelloSwiftUiRealUITests.xctest */;
			productType = "com.apple.product-type.bundle.ui-testing";
		};
/* End PBXNativeTarget section */

/* Begin PBXProject section */
		46418E342CCF573800A7EE38 /* Project object */ = {
			isa = PBXProject;
			attributes = {
				BuildIndependentTargetsInParallel = 1;
				LastSwiftUpdateCheck = 1600;
				LastUpgradeCheck = 1600;
				TargetAttributes = {
					46418E3B2CCF573900A7EE38 = {
						CreatedOnToolsVersion = 16.0;
					};
					46418E4B2CCF573D00A7EE38 = {
						CreatedOnToolsVersion = 16.0;
						TestTargetID = 46418E3B2CCF573900A7EE38;
					};
					46418E552CCF573D00A7EE38 = {
						CreatedOnToolsVersion = 16.0;
						TestTargetID = 46418E3B2CCF573900A7EE38;
					};
				};
			};
			buildConfigurationList = 46418E372CCF573800A7EE38 /* Build configuration list for PBXProject "HelloSwiftUiReal" */;
			developmentRegion = en;
			hasScannedForEncodings = 0;
			knownRegions = (
				en,
				Base,
			);
			mainGroup = 46418E332CCF573800A7EE38;
			minimizedProjectReferenceProxies = 1;
			preferredProjectObjectVersion = 77;
			productRefGroup = 46418E3D2CCF573900A7EE38 /* Products */;
			projectDirPath = "";
			projectRoot = "";
			targets = (
				46418E3B2CCF573900A7EE38 /* HelloSwiftUiReal */,
				46418E4B2CCF573D00A7EE38 /* HelloSwiftUiRealTests */,
				46418E552CCF573D00A7EE38 /* HelloSwiftUiRealUITests */,
			);
		};
/* End PBXProject section */

/* Begin PBXResourcesBuildPhase section */
		46418E3A2CCF573900A7EE38 /* Resources */ = {
			isa = PBXResourcesBuildPhase;
			buildActionMask = 2147483647;
			files = (
			);
			runOnlyForDeploymentPostprocessing = 0;
		};
		46418E4A2CCF573D00A7EE38 /* Resources */ = {
			isa = PBXResourcesBuildPhase;
			buildActionMask = 2147483647;
			files = (
			);
			runOnlyForDeploymentPostprocessing = 0;
		};
		46418E542CCF573D00A7EE38 /* Resources */ = {
			isa = PBXResourcesBuildPhase;
			buildActionMask = 2147483647;
			files = (
			);
			runOnlyForDeploymentPostprocessing = 0;
		};
/* End PBXResourcesBuildPhase section */

/* Begin PBXSourcesBuildPhase section */
		46418E382CCF573900A7EE38 /* Sources */ = {
			isa = PBXSourcesBuildPhase;
			buildActionMask = 2147483647;
			files = (
			);
			runOnlyForDeploymentPostprocessing = 0;
		};
		46418E482CCF573D00A7EE38 /* Sources */ = {
			isa = PBXSourcesBuildPhase;
			buildActionMask = 2147483647;
			files = (
			);
			runOnlyForDeploymentPostprocessing = 0;
		};
		46418E522CCF573D00A7EE38 /* Sources */ = {
			isa = PBXSourcesBuildPhase;
			buildActionMask = 2147483647;
			files = (
			);
			runOnlyForDeploymentPostprocessing = 0;
		};
/* End PBXSourcesBuildPhase section */

/* Begin PBXTargetDependency section */
		46418E4E2CCF573D00A7EE38 /* PBXTargetDependency */ = {
			isa = PBXTargetDependency;
			target = 46418E3B2CCF573900A7EE38 /* HelloSwiftUiReal */;
			targetProxy = 46418E4D2CCF573D00A7EE38 /* PBXContainerItemProxy */;
		};
		46418E582CCF573D00A7EE38 /* PBXTargetDependency */ = {
			isa = PBXTargetDependency;
			target = 46418E3B2CCF573900A7EE38 /* HelloSwiftUiReal */;
			targetProxy = 46418E572CCF573D00A7EE38 /* PBXContainerItemProxy */;
		};
/* End PBXTargetDependency section */

/* Begin XCBuildConfiguration section */
		46418E5E2CCF573D00A7EE38 /* Debug */ = {
			isa = XCBuildConfiguration;
			buildSettings = {
				ALWAYS_SEARCH_USER_PATHS = NO;
				ASSETCATALOG_COMPILER_GENERATE_SWIFT_ASSET_SYMBOL_EXTENSIONS = YES;
				CLANG_ANALYZER_NONNULL = YES;
				CLANG_ANALYZER_NUMBER_OBJECT_CONVERSION = YES_AGGRESSIVE;
				CLANG_CXX_LANGUAGE_STANDARD = "gnu++20";
				CLANG_ENABLE_MODULES = YES;
				CLANG_ENABLE_OBJC_ARC = YES;
				CLANG_ENABLE_OBJC_WEAK = YES;
				CLANG_WARN_BLOCK_CAPTURE_AUTORELEASING = YES;
				CLANG_WARN_BOOL_CONVERSION = YES;
				CLANG_WARN_COMMA = YES;
				CLANG_WARN_CONSTANT_CONVERSION = YES;
				CLANG_WARN_DEPRECATED_OBJC_IMPLEMENTATIONS = YES;
				CLANG_WARN_DIRECT_OBJC_ISA_USAGE = YES_ERROR;
				CLANG_WARN_DOCUMENTATION_COMMENTS = YES;
				CLANG_WARN_EMPTY_BODY = YES;
				CLANG_WARN_ENUM_CONVERSION = YES;
				CLANG_WARN_INFINITE_RECURSION = YES;
				CLANG_WARN_INT_CONVERSION = YES;
				CLANG_WARN_NON_LITERAL_NULL_CONVERSION = YES;
				CLANG_WARN_OBJC_IMPLICIT_RETAIN_SELF = YES;
				CLANG_WARN_OBJC_LITERAL_CONVERSION = YES;
				CLANG_WARN_OBJC_ROOT_CLASS = YES_ERROR;
				CLANG_WARN_QUOTED_INCLUDE_IN_FRAMEWORK_HEADER = YES;
				CLANG_WARN_RANGE_LOOP_ANALYSIS = YES;
				CLANG_WARN_STRICT_PROTOTYPES = YES;
				CLANG_WARN_SUSPICIOUS_MOVE = YES;
				CLANG_WARN_UNGUARDED_AVAILABILITY = YES_AGGRESSIVE;
				CLANG_WARN_UNREACHABLE_CODE = YES;
				CLANG_WARN__DUPLICATE_METHOD_MATCH = YES;
				COPY_PHASE_STRIP = NO;
				DEBUG_INFORMATION_FORMAT = dwarf;
				ENABLE_STRICT_OBJC_MSGSEND = YES;
				ENABLE_TESTABILITY = YES;
				ENABLE_USER_SCRIPT_SANDBOXING = YES;
				GCC_C_LANGUAGE_STANDARD = gnu17;
				GCC_DYNAMIC_NO_PIC = NO;
				GCC_NO_COMMON_BLOCKS = YES;
				GCC_OPTIMIZATION_LEVEL = 0;
				GCC_PREPROCESSOR_DEFINITIONS = (
					"DEBUG=1",
					"$(inherited)",
				);
				GCC_WARN_64_TO_32_BIT_CONVERSION = YES;
				GCC_WARN_ABOUT_RETURN_TYPE = YES_ERROR;
				GCC_WARN_UNDECLARED_SELECTOR = YES;
				GCC_WARN_UNINITIALIZED_AUTOS = YES_AGGRESSIVE;
				GCC_WARN_UNUSED_FUNCTION = YES;
				GCC_WARN_UNUSED_VARIABLE = YES;
				IPHONEOS_DEPLOYMENT_TARGET = 18.0;
				LOCALIZATION_PREFERS_STRING_CATALOGS = YES;
				MTL_ENABLE_DEBUG_INFO = INCLUDE_SOURCE;
				MTL_FAST_MATH = YES;
				ONLY_ACTIVE_ARCH = YES;
				SDKROOT = iphoneos;
				SWIFT_ACTIVE_COMPILATION_CONDITIONS = "DEBUG $(inherited)";
				SWIFT_OPTIMIZATION_LEVEL = "-Onone";
			};
			name = Debug;
		};
		46418E5F2CCF573D00A7EE38 /* Release */ = {
			isa = XCBuildConfiguration;
			buildSettings = {
				ALWAYS_SEARCH_USER_PATHS = NO;
				ASSETCATALOG_COMPILER_GENERATE_SWIFT_ASSET_SYMBOL_EXTENSIONS = YES;
				CLANG_ANALYZER_NONNULL = YES;
				CLANG_ANALYZER_NUMBER_OBJECT_CONVERSION = YES_AGGRESSIVE;
				CLANG_CXX_LANGUAGE_STANDARD = "gnu++20";
				CLANG_ENABLE_MODULES = YES;
				CLANG_ENABLE_OBJC_ARC = YES;
				CLANG_ENABLE_OBJC_WEAK = YES;
				CLANG_WARN_BLOCK_CAPTURE_AUTORELEASING = YES;
				CLANG_WARN_BOOL_CONVERSION = YES;
				CLANG_WARN_COMMA = YES;
				CLANG_WARN_CONSTANT_CONVERSION = YES;
				CLANG_WARN_DEPRECATED_OBJC_IMPLEMENTATIONS = YES;
				CLANG_WARN_DIRECT_OBJC_ISA_USAGE = YES_ERROR;
				CLANG_WARN_DOCUMENTATION_COMMENTS = YES;
				CLANG_WARN_EMPTY_BODY = YES;
				CLANG_WARN_ENUM_CONVERSION = YES;
				CLANG_WARN_INFINITE_RECURSION = YES;
				CLANG_WARN_INT_CONVERSION = YES;
				CLANG_WARN_NON_LITERAL_NULL_CONVERSION = YES;
				CLANG_WARN_OBJC_IMPLICIT_RETAIN_SELF = YES;
				CLANG_WARN_OBJC_LITERAL_CONVERSION = YES;
				CLANG_WARN_OBJC_ROOT_CLASS = YES_ERROR;
				CLANG_WARN_QUOTED_INCLUDE_IN_FRAMEWORK_HEADER = YES;
				CLANG_WARN_RANGE_LOOP_ANALYSIS = YES;
				CLANG_WARN_STRICT_PROTOTYPES = YES;
				CLANG_WARN_SUSPICIOUS_MOVE = YES;
				CLANG_WARN_UNGUARDED_AVAILABILITY = YES_AGGRESSIVE;
				CLANG_WARN_UNREACHABLE_CODE = YES;
				CLANG_WARN__DUPLICATE_METHOD_MATCH = YES;
				COPY_PHASE_STRIP = NO;
				DEBUG_INFORMATION_FORMAT = "dwarf-with-dsym";
				ENABLE_NS_ASSERTIONS = NO;
				ENABLE_STRICT_OBJC_MSGSEND = YES;
				ENABLE_USER_SCRIPT_SANDBOXING = YES;
				GCC_C_LANGUAGE_STANDARD = gnu17;
				GCC_NO_COMMON_BLOCKS = YES;
				GCC_WARN_64_TO_32_BIT_CONVERSION = YES;
				GCC_WARN_ABOUT_RETURN_TYPE = YES_ERROR;
				GCC_WARN_UNDECLARED_SELECTOR = YES;
				GCC_WARN_UNINITIALIZED_AUTOS = YES_AGGRESSIVE;
				GCC_WARN_UNUSED_FUNCTION = YES;
				GCC_WARN_UNUSED_VARIABLE = YES;
				IPHONEOS_DEPLOYMENT_TARGET = 18.0;
				LOCALIZATION_PREFERS_STRING_CATALOGS = YES;
				MTL_ENABLE_DEBUG_INFO = NO;
				MTL_FAST_MATH = YES;
				SDKROOT = iphoneos;
				SWIFT_COMPILATION_MODE = wholemodule;
				VALIDATE_PRODUCT = YES;
			};
			name = Release;
		};
		46418E612CCF573D00A7EE38 /* Debug */ = {
			isa = XCBuildConfiguration;
			buildSettings = {
				ASSETCATALOG_COMPILER_APPICON_NAME = AppIcon;
				ASSETCATALOG_COMPILER_GLOBAL_ACCENT_COLOR_NAME = AccentColor;
				CODE_SIGN_STYLE = Automatic;
				CURRENT_PROJECT_VERSION = 1;
				DEVELOPMENT_ASSET_PATHS = "\"HelloSwiftUiReal/Preview Content\"";
				ENABLE_PREVIEWS = YES;
				GENERATE_INFOPLIST_FILE = YES;
				INFOPLIST_KEY_UIApplicationSceneManifest_Generation = YES;
				INFOPLIST_KEY_UIApplicationSupportsIndirectInputEvents = YES;
				INFOPLIST_KEY_UILaunchScreen_Generation = YES;
				INFOPLIST_KEY_UISupportedInterfaceOrientations_iPad = "UIInterfaceOrientationPortrait UIInterfaceOrientationPortraitUpsideDown UIInterfaceOrientationLandscapeLeft UIInterfaceOrientationLandscapeRight";
				INFOPLIST_KEY_UISupportedInterfaceOrientations_iPhone = "UIInterfaceOrientationPortrait UIInterfaceOrientationLandscapeLeft UIInterfaceOrientationLandscapeRight";
				LD_RUNPATH_SEARCH_PATHS = (
					"$(inherited)",
					"@executable_path/Frameworks",
				);
				MARKETING_VERSION = 1.0;
				PRODUCT_BUNDLE_IDENTIFIER = com.example.HelloSwiftUiReal;
				PRODUCT_NAME = "$(TARGET_NAME)";
				SWIFT_EMIT_LOC_STRINGS = YES;
				SWIFT_VERSION = 5.0;
				TARGETED_DEVICE_FAMILY = "1,2";
			};
			name = Debug;
		};
		46418E622CCF573D00A7EE38 /* Release */ = {
			isa = XCBuildConfiguration;
			buildSettings = {
				ASSETCATALOG_COMPILER_APPICON_NAME = AppIcon;
				ASSETCATALOG_COMPILER_GLOBAL_ACCENT_COLOR_NAME = AccentColor;
				CODE_SIGN_STYLE = Automatic;
				CURRENT_PROJECT_VERSION = 1;
				DEVELOPMENT_ASSET_PATHS = "\"HelloSwiftUiReal/Preview Content\"";
				ENABLE_PREVIEWS = YES;
				GENERATE_INFOPLIST_FILE = YES;
				INFOPLIST_KEY_UIApplicationSceneManifest_Generation = YES;
				INFOPLIST_KEY_UIApplicationSupportsIndirectInputEvents = YES;
				INFOPLIST_KEY_UILaunchScreen_Generation = YES;
				INFOPLIST_KEY_UISupportedInterfaceOrientations_iPad = "UIInterfaceOrientationPortrait UIInterfaceOrientationPortraitUpsideDown UIInterfaceOrientationLandscapeLeft UIInterfaceOrientationLandscapeRight";
				INFOPLIST_KEY_UISupportedInterfaceOrientations_iPhone = "UIInterfaceOrientationPortrait UIInterfaceOrientationLandscapeLeft UIInterfaceOrientationLandscapeRight";
				LD_RUNPATH_SEARCH_PATHS = (
					"$(inherited)",
					"@executable_path/Frameworks",
				);
				MARKETING_VERSION = 1.0;
				PRODUCT_BUNDLE_IDENTIFIER = com.example.HelloSwiftUiReal;
				PRODUCT_NAME = "$(TARGET_NAME)";
				SWIFT_EMIT_LOC_STRINGS = YES;
				SWIFT_VERSION = 5.0;
				TARGETED_DEVICE_FAMILY = "1,2";
			};
			name = Release;
		};
		46418E642CCF573D00A7EE38 /* Debug */ = {
			isa = XCBuildConfiguration;
			buildSettings = {
				BUNDLE_LOADER = "$(TEST_HOST)";
				CODE_SIGN_STYLE = Automatic;
				CURRENT_PROJECT_VERSION = 1;
				GENERATE_INFOPLIST_FILE = YES;
				IPHONEOS_DEPLOYMENT_TARGET = 18.0;
				MARKETING_VERSION = 1.0;
				PRODUCT_BUNDLE_IDENTIFIER = com.example.HelloSwiftUiRealTests;
				PRODUCT_NAME = "$(TARGET_NAME)";
				SWIFT_EMIT_LOC_STRINGS = NO;
				SWIFT_VERSION = 5.0;
				TARGETED_DEVICE_FAMILY = "1,2";
				TEST_HOST = "$(BUILT_PRODUCTS_DIR)/HelloSwiftUiReal.app/$(BUNDLE_EXECUTABLE_FOLDER_PATH)/HelloSwiftUiReal";
			};
			name = Debug;
		};
		46418E652CCF573D00A7EE38 /* Release */ = {
			isa = XCBuildConfiguration;
			buildSettings = {
				BUNDLE_LOADER = "$(TEST_HOST)";
				CODE_SIGN_STYLE = Automatic;
				CURRENT_PROJECT_VERSION = 1;
				GENERATE_INFOPLIST_FILE = YES;
				IPHONEOS_DEPLOYMENT_TARGET = 18.0;
				MARKETING_VERSION = 1.0;
				PRODUCT_BUNDLE_IDENTIFIER = com.example.HelloSwiftUiRealTests;
				PRODUCT_NAME = "$(TARGET_NAME)";
				SWIFT_EMIT_LOC_STRINGS = NO;
				SWIFT_VERSION = 5.0;
				TARGETED_DEVICE_FAMILY = "1,2";
				TEST_HOST = "$(BUILT_PRODUCTS_DIR)/HelloSwiftUiReal.app/$(BUNDLE_EXECUTABLE_FOLDER_PATH)/HelloSwiftUiReal";
			};
			name = Release;
		};
		46418E672CCF573D00A7EE38 /* Debug */ = {
			isa = XCBuildConfiguration;
			buildSettings = {
				CODE_SIGN_STYLE = Automatic;
				CURRENT_PROJECT_VERSION = 1;
				GENERATE_INFOPLIST_FILE = YES;
				MARKETING_VERSION = 1.0;
				PRODUCT_BUNDLE_IDENTIFIER = com.example.HelloSwiftUiRealUITests;
				PRODUCT_NAME = "$(TARGET_NAME)";
				SWIFT_EMIT_LOC_STRINGS = NO;
				SWIFT_VERSION = 5.0;
				TARGETED_DEVICE_FAMILY = "1,2";
				TEST_TARGET_NAME = HelloSwiftUiReal;
			};
			name = Debug;
		};
		46418E682CCF573D00A7EE38 /* Release */ = {
			isa = XCBuildConfiguration;
			buildSettings = {
				CODE_SIGN_STYLE = Automatic;
				CURRENT_PROJECT_VERSION = 1;
				GENERATE_INFOPLIST_FILE = YES;
				MARKETING_VERSION = 1.0;
				PRODUCT_BUNDLE_IDENTIFIER = com.example.HelloSwiftUiRealUITests;
				PRODUCT_NAME = "$(TARGET_NAME)";
				SWIFT_EMIT_LOC_STRINGS = NO;
				SWIFT_VERSION = 5.0;
				TARGETED_DEVICE_FAMILY = "1,2";
				TEST_TARGET_NAME = HelloSwiftUiReal;
			};
			name = Release;
		};
/* End XCBuildConfiguration section */

/* Begin XCConfigurationList section */
		46418E372CCF573800A7EE38 /* Build configuration list for PBXProject "HelloSwiftUiReal" */ = {
			isa = XCConfigurationList;
			buildConfigurations = (
				46418E5E2CCF573D00A7EE38 /* Debug */,
				46418E5F2CCF573D00A7EE38 /* Release */,
			);
			defaultConfigurationIsVisible = 0;
			defaultConfigurationName = Release;
		};
		46418E602CCF573D00A7EE38 /* Build configuration list for PBXNativeTarget "HelloSwiftUiReal" */ = {
			isa = XCConfigurationList;
			buildConfigurations = (
				46418E612CCF573D00A7EE38 /* Debug */,
				46418E622CCF573D00A7EE38 /* Release */,
			);
			defaultConfigurationIsVisible = 0;
			defaultConfigurationName = Release;
		};
		46418E632CCF573D00A7EE38 /* Build configuration list for PBXNativeTarget "HelloSwiftUiRealTests" */ = {
			isa = XCConfigurationList;
			buildConfigurations = (
				46418E642CCF573D00A7EE38 /* Debug */,
				46418E652CCF573D00A7EE38 /* Release */,
			);
			defaultConfigurationIsVisible = 0;
			defaultConfigurationName = Release;
		};
		46418E662CCF573D00A7EE38 /* Build configuration list for PBXNativeTarget "HelloSwiftUiRealUITests" */ = {
			isa = XCConfigurationList;
			buildConfigurations = (
				46418E672CCF573D00A7EE38 /* Debug */,
				46418E682CCF573D00A7EE38 /* Release */,
			);
			defaultConfigurationIsVisible = 0;
			defaultConfigurationName = Release;
		};
/* End XCConfigurationList section */
	};
	rootObject = 46418E342CCF573800A7EE38 /* Project object */;
}
